
Microsoft Visual Studio Solution File, Format Version 12.00
# Visual Studio Version 16
VisualStudioVersion = 16.0.28803.202
MinimumVisualStudioVersion = 10.0.40219.1
Project("{FAE04EC0-301F-11D3-BF4B-00C04F79EFBC}") = "pr18", "pr18.csproj", "{AED795E4-4827-4DD2-AB44-8A081D06BB13}"
EndProject
Global
	GlobalSection(SolutionConfigurationPlatforms) = preSolution
		Debug|Any CPU = Debug|Any CPU
		Release|Any CPU = Release|Any CPU
	EndGlobalSection
	GlobalSection(ProjectConfigurationPlatforms) = postSolution
		{AED795E4-4827-4DD2-AB44-8A081D06BB13}.Debug|Any CPU.ActiveCfg = Debug|Any CPU
		{AED795E4-4827-4DD2-AB44-8A081D06BB13}.Debug|Any CPU.Build.0 = Debug|Any CPU
		{AED795E4-4827-4DD2-AB44-8A081D06BB13}.Release|Any CPU.ActiveCfg = Release|Any CPU
		{AED795E4-4827-4DD2-AB44-8A081D06BB13}.Release|Any CPU.Build.0 = Release|Any CPU
	EndGlobalSection
	GlobalSection(SolutionProperties) = preSolution
		HideSolutionNode = FALSE
	EndGlobalSection
	GlobalSection(ExtensibilityGlobals) = postSolution
		SolutionGuid = {FD97D71F-0A2F-448D-BFF2-36BD0690C568}
	EndGlobalSection
EndGlobal
